// !$*UTF8*$!
{
	archiveVersion = 1;
	classes = {
	};
	objectVersion = 77;
	objects = {

/* Begin PBXBuildFile section */
		94EA14F12F60BB6900388DC9 /* Adhan in Frameworks */ = {isa = PBXBuildFile; productRef = 94EA14F02F60BB6900388DC9 /* Adhan */; };
		A1D6E0072F61000700000007 /* Adhan in Frameworks */ = {isa = PBXBuildFile; productRef = A1D6E0082F61000800000008 /* Adhan */; };
		A1D6E00F2F61000F0000000F /* HayyaWidgetExtension.appex in Embed Foundation Extensions */ = {isa = PBXBuildFile; fileRef = A1D6E0012F61000100000001 /* HayyaWidgetExtension.appex */; settings = {ATTRIBUTES = (RemoveHeadersOnCopy, ); }; };
/* End PBXBuildFile section */

/* Begin PBXContainerItemProxy section */
		9498BC592F60034000319382 /* PBXContainerItemProxy */ = {
			isa = PBXContainerItemProxy;
			containerPortal = 9498BC412F60033D00319382 /* Project object */;
			proxyType = 1;
			remoteGlobalIDString = 9498BC482F60033D00319382;
			remoteInfo = Hayya;
		};
		9498BC632F60034000319382 /* PBXContainerItemProxy */ = {
			isa = PBXContainerItemProxy;
			containerPortal = 9498BC412F60033D00319382 /* Project object */;
			proxyType = 1;
			remoteGlobalIDString = 9498BC482F60033D00319382;
			remoteInfo = Hayya;
		};
		A1D6E00C2F61000C0000000C /* PBXContainerItemProxy */ = {
			isa = PBXContainerItemProxy;
			containerPortal = 9498BC412F60033D00319382 /* Project object */;
			proxyType = 1;
			remoteGlobalIDString = A1D6E0062F61000600000006;
			remoteInfo = HayyaWidgetExtension;
		};
/* End PBXContainerItemProxy section */

/* Begin PBXCopyFilesBuildPhase section */
		A1D6E00E2F61000E0000000E /* Embed Foundation Extensions */ = {
			isa = PBXCopyFilesBuildPhase;
			buildActionMask = 2147483647;
			dstPath = "";
			dstSubfolderSpec = 13;
			files = (
				A1D6E00F2F61000F0000000F /* HayyaWidgetExtension.appex in Embed Foundation Extensions */,
			);
			name = "Embed Foundation Extensions";
			runOnlyForDeploymentPostprocessing = 0;
		};
/* End PBXCopyFilesBuildPhase section */

/* Begin PBXFileReference section */
		9498BC492F60033D00319382 /* Hayya.app */ = {isa = PBXFileReference; explicitFileType = wrapper.application; includeInIndex = 0; path = Hayya.app; sourceTree = BUILT_PRODUCTS_DIR; };
		9498BC582F60034000319382 /* HayyaTests.xctest */ = {isa = PBXFileReference; explicitFileType = wrapper.cfbundle; includeInIndex = 0; path = HayyaTests.xctest; sourceTree = BUILT_PRODUCTS_DIR; };
		9498BC622F60034000319382 /* HayyaUITests.xctest */ = {isa = PBXFileReference; explicitFileType = wrapper.cfbundle; includeInIndex = 0; path = HayyaUITests.xctest; sourceTree = BUILT_PRODUCTS_DIR; };
		A1D6E0012F61000100000001 /* HayyaWidgetExtension.appex */ = {isa = PBXFileReference; explicitFileType = "wrapper.app-extension"; includeInIndex = 0; path = HayyaWidgetExtension.appex; sourceTree = BUILT_PRODUCTS_DIR; };
/* End PBXFileReference section */

/* Begin PBXFileSystemSynchronizedRootGroup section */
		9498BC4B2F60033D00319382 /* Hayya */ = {
			isa = PBXFileSystemSynchronizedRootGroup;
			path = Hayya;
			sourceTree = "<group>";
		};
		9498BC5B2F60034000319382 /* HayyaTests */ = {
			isa = PBXFileSystemSynchronizedRootGroup;
			path = HayyaTests;
			sourceTree = "<group>";
		};
		9498BC652F60034000319382 /* HayyaUITests */ = {
			isa = PBXFileSystemSynchronizedRootGroup;
			path = HayyaUITests;
			sourceTree = "<group>";
		};
		A1D6E0022F61000200000002 /* HayyaWidget */ = {
			isa = PBXFileSystemSynchronizedRootGroup;
			path = HayyaWidget;
			sourceTree = "<group>";
		};
/* End PBXFileSystemSynchronizedRootGroup section */

/* Begin PBXFrameworksBuildPhase section */
		9498BC462F60033D00319382 /* Frameworks */ = {
			isa = PBXFrameworksBuildPhase;
			buildActionMask = 2147483647;
			files = (
				94EA14F12F60BB6900388DC9 /* Adhan in Frameworks */,
			);
			runOnlyForDeploymentPostprocessing = 0;
		};
		9498BC552F60034000319382 /* Frameworks */ = {
			isa = PBXFrameworksBuildPhase;
			buildActionMask = 2147483647;
			files = (
			);
			runOnlyForDeploymentPostprocessing = 0;
		};
		9498BC5F2F60034000319382 /* Frameworks */ = {
			isa = PBXFrameworksBuildPhase;
			buildActionMask = 2147483647;
			files = (
			);
			runOnlyForDeploymentPostprocessing = 0;
		};
		A1D6E0042F61000400000004 /* Frameworks */ = {
			isa = PBXFrameworksBuildPhase;
			buildActionMask = 2147483647;
			files = (
				A1D6E0072F61000700000007 /* Adhan in Frameworks */,
			);
			runOnlyForDeploymentPostprocessing = 0;
		};
/* End PBXFrameworksBuildPhase section */

/* Begin PBXGroup section */
		9498BC402F60033D00319382 = {
			isa = PBXGroup;
			children = (
				9498BC4B2F60033D00319382 /* Hayya */,
				A1D6E0022F61000200000002 /* HayyaWidget */,
				9498BC5B2F60034000319382 /* HayyaTests */,
				9498BC652F60034000319382 /* HayyaUITests */,
				9498BC4A2F60033D00319382 /* Products */,
			);
			sourceTree = "<group>";
		};
		9498BC4A2F60033D00319382 /* Products */ = {
			isa = PBXGroup;
			children = (
				9498BC492F60033D00319382 /* Hayya.app */,
				9498BC582F60034000319382 /* HayyaTests.xctest */,
				9498BC622F60034000319382 /* HayyaUITests.xctest */,
				A1D6E0012F61000100000001 /* HayyaWidgetExtension.appex */,
			);
			name = Products;
			sourceTree = "<group>";
		};
/* End PBXGroup section */

/* Begin PBXNativeTarget section */
		9498BC482F60033D00319382 /* Hayya */ = {
			isa = PBXNativeTarget;
			buildConfigurationList = 9498BC6C2F60034000319382 /* Build configuration list for PBXNativeTarget "Hayya" */;
			buildPhases = (
				9498BC452F60033D00319382 /* Sources */,
				9498BC462F60033D00319382 /* Frameworks */,
				9498BC472F60033D00319382 /* Resources */,
				A1D6E00E2F61000E0000000E /* Embed Foundation Extensions */,
			);
			buildRules = (
			);
			dependencies = (
				A1D6E00D2F61000D0000000D /* PBXTargetDependency */,
			);
			fileSystemSynchronizedGroups = (
				9498BC4B2F60033D00319382 /* Hayya */,
			);
			name = Hayya;
			packageProductDependencies = (
				94EA14F02F60BB6900388DC9 /* Adhan */,
			);
			productName = Hayya;
			productReference = 9498BC492F60033D00319382 /* Hayya.app */;
			productType = "com.apple.product-type.application";
		};
		9498BC572F60034000319382 /* HayyaTests */ = {
			isa = PBXNativeTarget;
			buildConfigurationList = 9498BC6F2F60034000319382 /* Build configuration list for PBXNativeTarget "HayyaTests" */;
			buildPhases = (
				9498BC542F60034000319382 /* Sources */,
				9498BC552F60034000319382 /* Frameworks */,
				9498BC562F60034000319382 /* Resources */,
			);
			buildRules = (
			);
			dependencies = (
				9498BC5A2F60034000319382 /* PBXTargetDependency */,
			);
			fileSystemSynchronizedGroups = (
				9498BC5B2F60034000319382 /* HayyaTests */,
			);
			name = HayyaTests;
			packageProductDependencies = (
			);
			productName = HayyaTests;
			productReference = 9498BC582F60034000319382 /* HayyaTests.xctest */;
			productType = "com.apple.product-type.bundle.unit-test";
		};
		9498BC612F60034000319382 /* HayyaUITests */ = {
			isa = PBXNativeTarget;
			buildConfigurationList = 9498BC722F60034000319382 /* Build configuration list for PBXNativeTarget "HayyaUITests" */;
			buildPhases = (
				9498BC5E2F60034000319382 /* Sources */,
				9498BC5F2F60034000319382 /* Frameworks */,
				9498BC602F60034000319382 /* Resources */,
			);
			buildRules = (
			);
			dependencies = (
				9498BC642F60034000319382 /* PBXTargetDependency */,
			);
			fileSystemSynchronizedGroups = (
				9498BC652F60034000319382 /* HayyaUITests */,
			);
			name = HayyaUITests;
			packageProductDependencies = (
			);
			productName = HayyaUITests;
			productReference = 9498BC622F60034000319382 /* HayyaUITests.xctest */;
			productType = "com.apple.product-type.bundle.ui-testing";
		};
		A1D6E0062F61000600000006 /* HayyaWidgetExtension */ = {
			isa = PBXNativeTarget;
			buildConfigurationList = A1D6E00B2F61000B0000000B /* Build configuration list for PBXNativeTarget "HayyaWidgetExtension" */;
			buildPhases = (
				A1D6E0032F61000300000003 /* Sources */,
				A1D6E0042F61000400000004 /* Frameworks */,
				A1D6E0052F61000500000005 /* Resources */,
			);
			buildRules = (
			);
			dependencies = (
			);
			fileSystemSynchronizedGroups = (
				A1D6E0022F61000200000002 /* HayyaWidget */,
			);
			name = HayyaWidgetExtension;
			packageProductDependencies = (
				A1D6E0082F61000800000008 /* Adhan */,
			);
			productName = HayyaWidgetExtension;
			productReference = A1D6E0012F61000100000001 /* HayyaWidgetExtension.appex */;
			productType = "com.apple.product-type.app-extension";
		};
/* End PBXNativeTarget section */

/* Begin PBXProject section */
		9498BC412F60033D00319382 /* Project object */ = {
			isa = PBXProject;
			attributes = {
				BuildIndependentTargetsInParallel = 1;
				LastSwiftUpdateCheck = 2630;
				LastUpgradeCheck = 2630;
				TargetAttributes = {
					9498BC482F60033D00319382 = {
						CreatedOnToolsVersion = 26.3;
					};
					9498BC572F60034000319382 = {
						CreatedOnToolsVersion = 26.3;
						TestTargetID = 9498BC482F60033D00319382;
					};
					9498BC612F60034000319382 = {
						CreatedOnToolsVersion = 26.3;
						TestTargetID = 9498BC482F60033D00319382;
					};
					A1D6E0062F61000600000006 = {
						CreatedOnToolsVersion = 26.3;
					};
				};
			};
			buildConfigurationList = 9498BC442F60033D00319382 /* Build configuration list for PBXProject "Hayya" */;
			developmentRegion = en;
			hasScannedForEncodings = 0;
			knownRegions = (
				en,
				Base,
			);
			mainGroup = 9498BC402F60033D00319382;
			minimizedProjectReferenceProxies = 1;
			packageReferences = (
				94EA14EF2F60BB6900388DC9 /* XCRemoteSwiftPackageReference "adhan-swift" */,
			);
			preferredProjectObjectVersion = 77;
			productRefGroup = 9498BC4A2F60033D00319382 /* Products */;
			projectDirPath = "";
			projectRoot = "";
			targets = (
				9498BC482F60033D00319382 /* Hayya */,
				9498BC572F60034000319382 /* HayyaTests */,
				9498BC612F60034000319382 /* HayyaUITests */,
				A1D6E0062F61000600000006 /* HayyaWidgetExtension */,
			);
		};
/* End PBXProject section */

/* Begin PBXResourcesBuildPhase section */
		9498BC472F60033D00319382 /* Resources */ = {
			isa = PBXResourcesBuildPhase;
			buildActionMask = 2147483647;
			files = (
			);
			runOnlyForDeploymentPostprocessing = 0;
		};
		9498BC562F60034000319382 /* Resources */ = {
			isa = PBXResourcesBuildPhase;
			buildActionMask = 2147483647;
			files = (
			);
			runOnlyForDeploymentPostprocessing = 0;
		};
		9498BC602F60034000319382 /* Resources */ = {
			isa = PBXResourcesBuildPhase;
			buildActionMask = 2147483647;
			files = (
			);
			runOnlyForDeploymentPostprocessing = 0;
		};
		A1D6E0052F61000500000005 /* Resources */ = {
			isa = PBXResourcesBuildPhase;
			buildActionMask = 2147483647;
			files = (
			);
			runOnlyForDeploymentPostprocessing = 0;
		};
/* End PBXResourcesBuildPhase section */

/* Begin PBXSourcesBuildPhase section */
		9498BC452F60033D00319382 /* Sources */ = {
			isa = PBXSourcesBuildPhase;
			buildActionMask = 2147483647;
			files = (
			);
			runOnlyForDeploymentPostprocessing = 0;
		};
		9498BC542F60034000319382 /* Sources */ = {
			isa = PBXSourcesBuildPhase;
			buildActionMask = 2147483647;
			files = (
			);
			runOnlyForDeploymentPostprocessing = 0;
		};
		9498BC5E2F60034000319382 /* Sources */ = {
			isa = PBXSourcesBuildPhase;
			buildActionMask = 2147483647;
			files = (
			);
			runOnlyForDeploymentPostprocessing = 0;
		};
		A1D6E0032F61000300000003 /* Sources */ = {
			isa = PBXSourcesBuildPhase;
			buildActionMask = 2147483647;
			files = (
			);
			runOnlyForDeploymentPostprocessing = 0;
		};
/* End PBXSourcesBuildPhase section */

/* Begin PBXTargetDependency section */
		9498BC5A2F60034000319382 /* PBXTargetDependency */ = {
			isa = PBXTargetDependency;
			target = 9498BC482F60033D00319382 /* Hayya */;
			targetProxy = 9498BC592F60034000319382 /* PBXContainerItemProxy */;
		};
		9498BC642F60034000319382 /* PBXTargetDependency */ = {
			isa = PBXTargetDependency;
			target = 9498BC482F60033D00319382 /* Hayya */;
			targetProxy = 9498BC632F60034000319382 /* PBXContainerItemProxy */;
		};
		A1D6E00D2F61000D0000000D /* PBXTargetDependency */ = {
			isa = PBXTargetDependency;
			target = A1D6E0062F61000600000006 /* HayyaWidgetExtension */;
			targetProxy = A1D6E00C2F61000C0000000C /* PBXContainerItemProxy */;
		};
/* End PBXTargetDependency section */

/* Begin XCBuildConfiguration section */
		9498BC6A2F60034000319382 /* Debug */ = {
			isa = XCBuildConfiguration;
			buildSettings = {
				ALWAYS_SEARCH_USER_PATHS = NO;
				ASSETCATALOG_COMPILER_GENERATE_SWIFT_ASSET_SYMBOL_EXTENSIONS = YES;
				CLANG_ANALYZER_NONNULL = YES;
				CLANG_ANALYZER_NUMBER_OBJECT_CONVERSION = YES_AGGRESSIVE;
				CLANG_CXX_LANGUAGE_STANDARD = "gnu++20";
				CLANG_ENABLE_MODULES = YES;
				CLANG_ENABLE_OBJC_ARC = YES;
				CLANG_ENABLE_OBJC_WEAK = YES;
				CLANG_WARN_BLOCK_CAPTURE_AUTORELEASING = YES;
				CLANG_WARN_BOOL_CONVERSION = YES;
				CLANG_WARN_COMMA = YES;
				CLANG_WARN_CONSTANT_CONVERSION = YES;
				CLANG_WARN_DEPRECATED_OBJC_IMPLEMENTATIONS = YES;
				CLANG_WARN_DIRECT_OBJC_ISA_USAGE = YES_ERROR;
				CLANG_WARN_DOCUMENTATION_COMMENTS = YES;
				CLANG_WARN_EMPTY_BODY = YES;
				CLANG_WARN_ENUM_CONVERSION = YES;
				CLANG_WARN_INFINITE_RECURSION = YES;
				CLANG_WARN_INT_CONVERSION = YES;
				CLANG_WARN_NON_LITERAL_NULL_CONVERSION = YES;
				CLANG_WARN_OBJC_IMPLICIT_RETAIN_SELF = YES;
				CLANG_WARN_OBJC_LITERAL_CONVERSION = YES;
				CLANG_WARN_OBJC_ROOT_CLASS = YES_ERROR;
				CLANG_WARN_QUOTED_INCLUDE_IN_FRAMEWORK_HEADER = YES;
				CLANG_WARN_RANGE_LOOP_ANALYSIS = YES;
				CLANG_WARN_STRICT_PROTOTYPES = YES;
				CLANG_WARN_SUSPICIOUS_MOVE = YES;
				CLANG_WARN_UNGUARDED_AVAILABILITY = YES_AGGRESSIVE;
				CLANG_WARN_UNREACHABLE_CODE = YES;
				CLANG_WARN__DUPLICATE_METHOD_MATCH = YES;
				COPY_PHASE_STRIP = NO;
				DEBUG_INFORMATION_FORMAT = dwarf;
				DEVELOPMENT_TEAM = WMXNR469QP;
				ENABLE_STRICT_OBJC_MSGSEND = YES;
				ENABLE_TESTABILITY = YES;
				ENABLE_USER_SCRIPT_SANDBOXING = YES;
				GCC_C_LANGUAGE_STANDARD = gnu17;
				GCC_DYNAMIC_NO_PIC = NO;
				GCC_NO_COMMON_BLOCKS = YES;
				GCC_OPTIMIZATION_LEVEL = 0;
				GCC_PREPROCESSOR_DEFINITIONS = (
					"DEBUG=1",
					"$(inherited)",
				);
				GCC_WARN_64_TO_32_BIT_CONVERSION = YES;
				GCC_WARN_ABOUT_RETURN_TYPE = YES_ERROR;
				GCC_WARN_UNDECLARED_SELECTOR = YES;
				GCC_WARN_UNINITIALIZED_AUTOS = YES_AGGRESSIVE;
				GCC_WARN_UNUSED_FUNCTION = YES;
				GCC_WARN_UNUSED_VARIABLE = YES;
				IPHONEOS_DEPLOYMENT_TARGET = 26.2;
				LOCALIZATION_PREFERS_STRING_CATALOGS = YES;
				MTL_ENABLE_DEBUG_INFO = INCLUDE_SOURCE;
				MTL_FAST_MATH = YES;
				ONLY_ACTIVE_ARCH = YES;
				SDKROOT = iphoneos;
				SWIFT_ACTIVE_COMPILATION_CONDITIONS = "DEBUG $(inherited)";
				SWIFT_OPTIMIZATION_LEVEL = "-Onone";
			};
			name = Debug;
		};
		9498BC6B2F60034000319382 /* Release */ = {
			isa = XCBuildConfiguration;
			buildSettings = {
				ALWAYS_SEARCH_USER_PATHS = NO;
				ASSETCATALOG_COMPILER_GENERATE_SWIFT_ASSET_SYMBOL_EXTENSIONS = YES;
				CLANG_ANALYZER_NONNULL = YES;
				CLANG_ANALYZER_NUMBER_OBJECT_CONVERSION = YES_AGGRESSIVE;
				CLANG_CXX_LANGUAGE_STANDARD = "gnu++20";
				CLANG_ENABLE_MODULES = YES;
				CLANG_ENABLE_OBJC_ARC = YES;
				CLANG_ENABLE_OBJC_WEAK = YES;
				CLANG_WARN_BLOCK_CAPTURE_AUTORELEASING = YES;
				CLANG_WARN_BOOL_CONVERSION = YES;
				CLANG_WARN_COMMA = YES;
				CLANG_WARN_CONSTANT_CONVERSION = YES;
				CLANG_WARN_DEPRECATED_OBJC_IMPLEMENTATIONS = YES;
				CLANG_WARN_DIRECT_OBJC_ISA_USAGE = YES_ERROR;
				CLANG_WARN_DOCUMENTATION_COMMENTS = YES;
				CLANG_WARN_EMPTY_BODY = YES;
				CLANG_WARN_ENUM_CONVERSION = YES;
				CLANG_WARN_INFINITE_RECURSION = YES;
				CLANG_WARN_INT_CONVERSION = YES;
				CLANG_WARN_NON_LITERAL_NULL_CONVERSION = YES;
				CLANG_WARN_OBJC_IMPLICIT_RETAIN_SELF = YES;
				CLANG_WARN_OBJC_LITERAL_CONVERSION = YES;
				CLANG_WARN_OBJC_ROOT_CLASS = YES_ERROR;
				CLANG_WARN_QUOTED_INCLUDE_IN_FRAMEWORK_HEADER = YES;
				CLANG_WARN_RANGE_LOOP_ANALYSIS = YES;
				CLANG_WARN_STRICT_PROTOTYPES = YES;
				CLANG_WARN_SUSPICIOUS_MOVE = YES;
				CLANG_WARN_UNGUARDED_AVAILABILITY = YES_AGGRESSIVE;
				CLANG_WARN_UNREACHABLE_CODE = YES;
				CLANG_WARN__DUPLICATE_METHOD_MATCH = YES;
				COPY_PHASE_STRIP = NO;
				DEBUG_INFORMATION_FORMAT = "dwarf-with-dsym";
				DEVELOPMENT_TEAM = WMXNR469QP;
				ENABLE_NS_ASSERTIONS = NO;
				ENABLE_STRICT_OBJC_MSGSEND = YES;
				ENABLE_USER_SCRIPT_SANDBOXING = YES;
				GCC_C_LANGUAGE_STANDARD = gnu17;
				GCC_NO_COMMON_BLOCKS = YES;
				GCC_WARN_64_TO_32_BIT_CONVERSION = YES;
				GCC_WARN_ABOUT_RETURN_TYPE = YES_ERROR;
				GCC_WARN_UNDECLARED_SELECTOR = YES;
				GCC_WARN_UNINITIALIZED_AUTOS = YES_AGGRESSIVE;
				GCC_WARN_UNUSED_FUNCTION = YES;
				GCC_WARN_UNUSED_VARIABLE = YES;
				IPHONEOS_DEPLOYMENT_TARGET = 26.2;
				LOCALIZATION_PREFERS_STRING_CATALOGS = YES;
				MTL_ENABLE_DEBUG_INFO = NO;
				MTL_FAST_MATH = YES;
				SDKROOT = iphoneos;
				SWIFT_COMPILATION_MODE = wholemodule;
				VALIDATE_PRODUCT = YES;
			};
			name = Release;
		};
		9498BC6D2F60034000319382 /* Debug */ = {
			isa = XCBuildConfiguration;
			buildSettings = {
				ASSETCATALOG_COMPILER_APPICON_NAME = AppIcon;
				ASSETCATALOG_COMPILER_GLOBAL_ACCENT_COLOR_NAME = AccentColor;
				CODE_SIGN_ENTITLEMENTS = Hayya/Hayya.entitlements;
				CODE_SIGN_STYLE = Automatic;
				CURRENT_PROJECT_VERSION = 1;
				DEVELOPMENT_TEAM = WMXNR469QP;
				ENABLE_PREVIEWS = YES;
				GENERATE_INFOPLIST_FILE = YES;
				INFOPLIST_KEY_NSLocationWhenInUseUsageDescription = "Hayya uses your location to calculate accurate prayer times for your area.";
				INFOPLIST_KEY_UIApplicationSceneManifest_Generation = YES;
				INFOPLIST_KEY_UIApplicationSupportsIndirectInputEvents = YES;
				INFOPLIST_KEY_UILaunchScreen_Generation = YES;
				INFOPLIST_KEY_UISupportedInterfaceOrientations_iPad = "UIInterfaceOrientationPortrait UIInterfaceOrientationPortraitUpsideDown UIInterfaceOrientationLandscapeLeft UIInterfaceOrientationLandscapeRight";
				INFOPLIST_KEY_UISupportedInterfaceOrientations_iPhone = "UIInterfaceOrientationPortrait UIInterfaceOrientationLandscapeLeft UIInterfaceOrientationLandscapeRight";
				LD_RUNPATH_SEARCH_PATHS = (
					"$(inherited)",
					"@executable_path/Frameworks",
				);
				MARKETING_VERSION = 1.0;
				PRODUCT_BUNDLE_IDENTIFIER = com.jafarfh.Hayya;
				PRODUCT_NAME = "$(TARGET_NAME)";
				STRING_CATALOG_GENERATE_SYMBOLS = YES;
				SWIFT_APPROACHABLE_CONCURRENCY = YES;
				SWIFT_DEFAULT_ACTOR_ISOLATION = MainActor;
				SWIFT_EMIT_LOC_STRINGS = YES;
				SWIFT_UPCOMING_FEATURE_MEMBER_IMPORT_VISIBILITY = YES;
				SWIFT_VERSION = 5.0;
				TARGETED_DEVICE_FAMILY = "1,2";
			};
			name = Debug;
		};
		9498BC6E2F60034000319382 /* Release */ = {
			isa = XCBuildConfiguration;
			buildSettings = {
				ASSETCATALOG_COMPILER_APPICON_NAME = AppIcon;
				ASSETCATALOG_COMPILER_GLOBAL_ACCENT_COLOR_NAME = AccentColor;
				CODE_SIGN_ENTITLEMENTS = Hayya/Hayya.entitlements;
				CODE_SIGN_STYLE = Automatic;
				CURRENT_PROJECT_VERSION = 1;
				DEVELOPMENT_TEAM = WMXNR469QP;
				ENABLE_PREVIEWS = YES;
				GENERATE_INFOPLIST_FILE = YES;
				INFOPLIST_KEY_NSLocationWhenInUseUsageDescription = "Hayya uses your location to calculate accurate prayer times for your area.";
				INFOPLIST_KEY_UIApplicationSceneManifest_Generation = YES;
				INFOPLIST_KEY_UIApplicationSupportsIndirectInputEvents = YES;
				INFOPLIST_KEY_UILaunchScreen_Generation = YES;
				INFOPLIST_KEY_UISupportedInterfaceOrientations_iPad = "UIInterfaceOrientationPortrait UIInterfaceOrientationPortraitUpsideDown UIInterfaceOrientationLandscapeLeft UIInterfaceOrientationLandscapeRight";
				INFOPLIST_KEY_UISupportedInterfaceOrientations_iPhone = "UIInterfaceOrientationPortrait UIInterfaceOrientationLandscapeLeft UIInterfaceOrientationLandscapeRight";
				LD_RUNPATH_SEARCH_PATHS = (
					"$(inherited)",
					"@executable_path/Frameworks",
				);
				MARKETING_VERSION = 1.0;
				PRODUCT_BUNDLE_IDENTIFIER = com.jafarfh.Hayya;
				PRODUCT_NAME = "$(TARGET_NAME)";
				STRING_CATALOG_GENERATE_SYMBOLS = YES;
				SWIFT_APPROACHABLE_CONCURRENCY = YES;
				SWIFT_DEFAULT_ACTOR_ISOLATION = MainActor;
				SWIFT_EMIT_LOC_STRINGS = YES;
				SWIFT_UPCOMING_FEATURE_MEMBER_IMPORT_VISIBILITY = YES;
				SWIFT_VERSION = 5.0;
				TARGETED_DEVICE_FAMILY = "1,2";
			};
			name = Release;
		};
		9498BC702F60034000319382 /* Debug */ = {
			isa = XCBuildConfiguration;
			buildSettings = {
				BUNDLE_LOADER = "$(TEST_HOST)";
				CODE_SIGN_STYLE = Automatic;
				CURRENT_PROJECT_VERSION = 1;
				DEVELOPMENT_TEAM = WMXNR469QP;
				GENERATE_INFOPLIST_FILE = YES;
				IPHONEOS_DEPLOYMENT_TARGET = 26.2;
				MARKETING_VERSION = 1.0;
				PRODUCT_BUNDLE_IDENTIFIER = com.jafarfh.HayyaTests;
				PRODUCT_NAME = "$(TARGET_NAME)";
				STRING_CATALOG_GENERATE_SYMBOLS = NO;
				SWIFT_APPROACHABLE_CONCURRENCY = YES;
				SWIFT_EMIT_LOC_STRINGS = NO;
				SWIFT_UPCOMING_FEATURE_MEMBER_IMPORT_VISIBILITY = YES;
				SWIFT_VERSION = 5.0;
				TARGETED_DEVICE_FAMILY = "1,2";
				TEST_HOST = "$(BUILT_PRODUCTS_DIR)/Hayya.app/$(BUNDLE_EXECUTABLE_FOLDER_PATH)/Hayya";
			};
			name = Debug;
		};
		9498BC712F60034000319382 /* Release */ = {
			isa = XCBuildConfiguration;
			buildSettings = {
				BUNDLE_LOADER = "$(TEST_HOST)";
				CODE_SIGN_STYLE = Automatic;
				CURRENT_PROJECT_VERSION = 1;
				DEVELOPMENT_TEAM = WMXNR469QP;
				GENERATE_INFOPLIST_FILE = YES;
				IPHONEOS_DEPLOYMENT_TARGET = 26.2;
				MARKETING_VERSION = 1.0;
				PRODUCT_BUNDLE_IDENTIFIER = com.jafarfh.HayyaTests;
				PRODUCT_NAME = "$(TARGET_NAME)";
				STRING_CATALOG_GENERATE_SYMBOLS = NO;
				SWIFT_APPROACHABLE_CONCURRENCY = YES;
				SWIFT_EMIT_LOC_STRINGS = NO;
				SWIFT_UPCOMING_FEATURE_MEMBER_IMPORT_VISIBILITY = YES;
				SWIFT_VERSION = 5.0;
				TARGETED_DEVICE_FAMILY = "1,2";
				TEST_HOST = "$(BUILT_PRODUCTS_DIR)/Hayya.app/$(BUNDLE_EXECUTABLE_FOLDER_PATH)/Hayya";
			};
			name = Release;
		};
		9498BC732F60034000319382 /* Debug */ = {
			isa = XCBuildConfiguration;
			buildSettings = {
				CODE_SIGN_STYLE = Automatic;
				CURRENT_PROJECT_VERSION = 1;
				DEVELOPMENT_TEAM = WMXNR469QP;
				GENERATE_INFOPLIST_FILE = YES;
				MARKETING_VERSION = 1.0;
				PRODUCT_BUNDLE_IDENTIFIER = com.jafarfh.HayyaUITests;
				PRODUCT_NAME = "$(TARGET_NAME)";
				STRING_CATALOG_GENERATE_SYMBOLS = NO;
				SWIFT_APPROACHABLE_CONCURRENCY = YES;
				SWIFT_EMIT_LOC_STRINGS = NO;
				SWIFT_UPCOMING_FEATURE_MEMBER_IMPORT_VISIBILITY = YES;
				SWIFT_VERSION = 5.0;
				TARGETED_DEVICE_FAMILY = "1,2";
				TEST_TARGET_NAME = Hayya;
			};
			name = Debug;
		};
		9498BC742F60034000319382 /* Release */ = {
			isa = XCBuildConfiguration;
			buildSettings = {
				CODE_SIGN_STYLE = Automatic;
				CURRENT_PROJECT_VERSION = 1;
				DEVELOPMENT_TEAM = WMXNR469QP;
				GENERATE_INFOPLIST_FILE = YES;
				MARKETING_VERSION = 1.0;
				PRODUCT_BUNDLE_IDENTIFIER = com.jafarfh.HayyaUITests;
				PRODUCT_NAME = "$(TARGET_NAME)";
				STRING_CATALOG_GENERATE_SYMBOLS = NO;
				SWIFT_APPROACHABLE_CONCURRENCY = YES;
				SWIFT_EMIT_LOC_STRINGS = NO;
				SWIFT_UPCOMING_FEATURE_MEMBER_IMPORT_VISIBILITY = YES;
				SWIFT_VERSION = 5.0;
				TARGETED_DEVICE_FAMILY = "1,2";
				TEST_TARGET_NAME = Hayya;
			};
			name = Release;
		};
		A1D6E0092F61000900000009 /* Debug */ = {
			isa = XCBuildConfiguration;
			buildSettings = {
				ASSETCATALOG_COMPILER_GLOBAL_ACCENT_COLOR_NAME = AccentColor;
				ASSETCATALOG_COMPILER_WIDGET_BACKGROUND_COLOR_NAME = WidgetBackground;
				CODE_SIGN_ENTITLEMENTS = HayyaWidget/HayyaWidgetExtension.entitlements;
				CODE_SIGN_STYLE = Automatic;
				CURRENT_PROJECT_VERSION = 1;
				DEVELOPMENT_TEAM = WMXNR469QP;
				GENERATE_INFOPLIST_FILE = YES;
				INFOPLIST_FILE = HayyaWidget-Info.plist;
				INFOPLIST_KEY_CFBundleDisplayName = HayyaWidget;
				INFOPLIST_KEY_NSHumanReadableCopyright = "";
				LD_RUNPATH_SEARCH_PATHS = (
					"$(inherited)",
					"@executable_path/Frameworks",
					"@executable_path/../../Frameworks",
				);
				MARKETING_VERSION = 1.0;
				PRODUCT_BUNDLE_IDENTIFIER = com.jafarfh.Hayya.HayyaWidget;
				PRODUCT_NAME = "$(TARGET_NAME)";
				SKIP_INSTALL = YES;
				SWIFT_APPROACHABLE_CONCURRENCY = YES;
				SWIFT_DEFAULT_ACTOR_ISOLATION = MainActor;
				SWIFT_EMIT_LOC_STRINGS = YES;
				SWIFT_UPCOMING_FEATURE_MEMBER_IMPORT_VISIBILITY = YES;
				SWIFT_VERSION = 5.0;
				TARGETED_DEVICE_FAMILY = "1,2";
			};
			name = Debug;
		};
		A1D6E00A2F61000A0000000A /* Release */ = {
			isa = XCBuildConfiguration;
			buildSettings = {
				ASSETCATALOG_COMPILER_GLOBAL_ACCENT_COLOR_NAME = AccentColor;
				ASSETCATALOG_COMPILER_WIDGET_BACKGROUND_COLOR_NAME = WidgetBackground;
				CODE_SIGN_ENTITLEMENTS = HayyaWidget/HayyaWidgetExtension.entitlements;
				CODE_SIGN_STYLE = Automatic;
				CURRENT_PROJECT_VERSION = 1;
				DEVELOPMENT_TEAM = WMXNR469QP;
				GENERATE_INFOPLIST_FILE = YES;
				INFOPLIST_FILE = HayyaWidget-Info.plist;
				INFOPLIST_KEY_CFBundleDisplayName = HayyaWidget;
				INFOPLIST_KEY_NSHumanReadableCopyright = "";
				LD_RUNPATH_SEARCH_PATHS = (
					"$(inherited)",
					"@executable_path/Frameworks",
					"@executable_path/../../Frameworks",
				);
				MARKETING_VERSION = 1.0;
				PRODUCT_BUNDLE_IDENTIFIER = com.jafarfh.Hayya.HayyaWidget;
				PRODUCT_NAME = "$(TARGET_NAME)";
				SKIP_INSTALL = YES;
				SWIFT_APPROACHABLE_CONCURRENCY = YES;
				SWIFT_DEFAULT_ACTOR_ISOLATION = MainActor;
				SWIFT_EMIT_LOC_STRINGS = YES;
				SWIFT_UPCOMING_FEATURE_MEMBER_IMPORT_VISIBILITY = YES;
				SWIFT_VERSION = 5.0;
				TARGETED_DEVICE_FAMILY = "1,2";
			};
			name = Release;
		};
/* End XCBuildConfiguration section */

/* Begin XCConfigurationList section */
		9498BC442F60033D00319382 /* Build configuration list for PBXProject "Hayya" */ = {
			isa = XCConfigurationList;
			buildConfigurations = (
				9498BC6A2F60034000319382 /* Debug */,
				9498BC6B2F60034000319382 /* Release */,
			);
			defaultConfigurationIsVisible = 0;
			defaultConfigurationName = Release;
		};
		9498BC6C2F60034000319382 /* Build configuration list for PBXNativeTarget "Hayya" */ = {
			isa = XCConfigurationList;
			buildConfigurations = (
				9498BC6D2F60034000319382 /* Debug */,
				9498BC6E2F60034000319382 /* Release */,
			);
			defaultConfigurationIsVisible = 0;
			defaultConfigurationName = Release;
		};
		9498BC6F2F60034000319382 /* Build configuration list for PBXNativeTarget "HayyaTests" */ = {
			isa = XCConfigurationList;
			buildConfigurations = (
				9498BC702F60034000319382 /* Debug */,
				9498BC712F60034000319382 /* Release */,
			);
			defaultConfigurationIsVisible = 0;
			defaultConfigurationName = Release;
		};
		9498BC722F60034000319382 /* Build configuration list for PBXNativeTarget "HayyaUITests" */ = {
			isa = XCConfigurationList;
			buildConfigurations = (
				9498BC732F60034000319382 /* Debug */,
				9498BC742F60034000319382 /* Release */,
			);
			defaultConfigurationIsVisible = 0;
			defaultConfigurationName = Release;
		};
		A1D6E00B2F61000B0000000B /* Build configuration list for PBXNativeTarget "HayyaWidgetExtension" */ = {
			isa = XCConfigurationList;
			buildConfigurations = (
				A1D6E0092F61000900000009 /* Debug */,
				A1D6E00A2F61000A0000000A /* Release */,
			);
			defaultConfigurationIsVisible = 0;
			defaultConfigurationName = Release;
		};
/* End XCConfigurationList section */

/* Begin XCRemoteSwiftPackageReference section */
		94EA14EF2F60BB6900388DC9 /* XCRemoteSwiftPackageReference "adhan-swift" */ = {
			isa = XCRemoteSwiftPackageReference;
			repositoryURL = "https://github.com/batoulapps/adhan-swift";
			requirement = {
				kind = upToNextMajorVersion;
				minimumVersion = 1.4.0;
			};
		};
/* End XCRemoteSwiftPackageReference section */

/* Begin XCSwiftPackageProductDependency section */
		94EA14F02F60BB6900388DC9 /* Adhan */ = {
			isa = XCSwiftPackageProductDependency;
			package = 94EA14EF2F60BB6900388DC9 /* XCRemoteSwiftPackageReference "adhan-swift" */;
			productName = Adhan;
		};
		A1D6E0082F61000800000008 /* Adhan */ = {
			isa = XCSwiftPackageProductDependency;
			package = 94EA14EF2F60BB6900388DC9 /* XCRemoteSwiftPackageReference "adhan-swift" */;
			productName = Adhan;
		};
/* End XCSwiftPackageProductDependency section */
	};
	rootObject = 9498BC412F60033D00319382 /* Project object */;
}
